Microsoft Visual Studio Solution File, Format Version 12.00
# Visual Studio Version 17
VisualStudioVersion = 17.5.2.0
MinimumVisualStudioVersion = 10.0.40219.1
Project("{FAE04EC0-301F-11D3-BF4B-00C04F79EFBC}") = "EmotiProject", "EmotiProject\EmotiProject.csproj", "{8E2BC174-7823-8A22-DE21-8A216304F8FD}"
EndProject
Project("{FAE04EC0-301F-11D3-BF4B-00C04F79EFBC}") = "Emoti.Db", "Emoti.Db\Emoti.Db.csproj", "{C651776F-6CAA-412B-9A1A-E1EEB8833882}"
EndProject
Global
	GlobalSection(SolutionConfigurationPlatforms) = preSolution
		Debug|Any CPU = Debug|Any CPU
		Release|Any CPU = Release|Any CPU
	EndGlobalSection
	GlobalSection(ProjectConfigurationPlatforms) = postSolution
		{8E2BC174-7823-8A22-DE21-8A216304F8FD}.Debug|Any CPU.ActiveCfg = Debug|Any CPU
		{8E2BC174-7823-8A22-DE21-8A216304F8FD}.Debug|Any CPU.Build.0 = Debug|Any CPU
		{8E2BC174-7823-8A22-DE21-8A216304F8FD}.Release|Any CPU.ActiveCfg = Release|Any CPU
		{8E2BC174-7823-8A22-DE21-8A216304F8FD}.Release|Any CPU.Build.0 = Release|Any CPU
		{C651776F-6CAA-412B-9A1A-E1EEB8833882}.Debug|Any CPU.ActiveCfg = Debug|Any CPU
		{C651776F-6CAA-412B-9A1A-E1EEB8833882}.Debug|Any CPU.Build.0 = Debug|Any CPU
		{C651776F-6CAA-412B-9A1A-E1EEB8833882}.Release|Any CPU.ActiveCfg = Release|Any CPU
		{C651776F-6CAA-412B-9A1A-E1EEB8833882}.Release|Any CPU.Build.0 = Release|Any CPU
	EndGlobalSection
	GlobalSection(SolutionProperties) = preSolution
		HideSolutionNode = FALSE
	EndGlobalSection
	GlobalSection(ExtensibilityGlobals) = postSolution
		SolutionGuid = {F672B226-98B5-4ADA-A22F-B4D97A6BBE40}
	EndGlobalSection
EndGlobal
